{
  "name": "mavro-example",
  "version": "1.0.0",
  "lockfileVersion": 3,
  "requires": true,
  "packages": {
    "": {
      "name": "mavro-example",
      "version": "1.0.0",
      "license": "ISC",
      "dependencies": {
        "mavro": "^0.0.9"
      }
    },
    "node_modules/colors": {
      "version": "1.4.0",
      "resolved": "https://registry.npmjs.org/colors/-/colors-1.4.0.tgz",
      "integrity": "sha512-a+UqTh4kgZg/SlGvfbzDHpgRu7AAQOmmqRHJnxhRZICKFUT91brVhNNt58CMWU9PsBbv3PDCZUHbVxuDiH2mtA==",
      "license": "MIT",
      "engines": {
        "node": ">=0.1.90"
      }
    },
    "node_modules/dotenv": {
      "version": "16.4.5",
      "resolved": "https://registry.npmjs.org/dotenv/-/dotenv-16.4.5.tgz",
      "integrity": "sha512-ZmdL2rui+eB2YwhsWzjInR8LldtZHGDoQ1ugH85ppHKwpUHL7j7rN0Ti9NCnGiQbhaZ11FpR+7ao1dNsmduNUg==",
      "license": "BSD-2-Clause",
      "engines": {
        "node": ">=12"
      },
      "funding": {
        "url": "https://dotenvx.com"
      }
    },
    "node_modules/mavro": {
      "version": "0.0.9",
      "resolved": "https://registry.npmjs.org/mavro/-/mavro-0.0.9.tgz",
      "integrity": "sha512-KltwcbXdvJli5Wom7wo8DF/M73o/m5jyyMm1sMLVd+DgzxWouhha3yXCjbPRZl8v9Vhkcyu2aRU9My4aQ3oBqQ==",
      "license": "MIT",
      "dependencies": {
        "colors": "^1.4.0",
        "dotenv": "^16.4.5"
      },
      "engines": {
        "node": ">=v18.18.0"
      }
    }
  }
}
